
Microsoft Visual Studio Solution File, Format Version 12.00
# Visual Studio 15
Project("{FAE04EC0-301F-11D3-BF4B-00C04F79EFBC}") = "CopyDirectoryConsole", "CopyDirectoryConsole\CopyDirectoryConsole.csproj", "{BAB2A4BA-065B-4141-BFD5-95C60733E886}"
EndProject
Global
	GlobalSection(SolutionConfigurationPlatforms) = preSolution
		Debug|Any CPU = Debug|Any CPU
		Release|Any CPU = Release|Any CPU
	EndGlobalSection
	GlobalSection(ProjectConfigurationPlatforms) = postSolution
		{BAB2A4BA-065B-4141-BFD5-95C60733E886}.Debug|Any CPU.ActiveCfg = Debug|Any CPU
		{BAB2A4BA-065B-4141-BFD5-95C60733E886}.Debug|Any CPU.Build.0 = Debug|Any CPU
		{BAB2A4BA-065B-4141-BFD5-95C60733E886}.Release|Any CPU.ActiveCfg = Release|Any CPU
		{BAB2A4BA-065B-4141-BFD5-95C60733E886}.Release|Any CPU.Build.0 = Release|Any CPU
	EndGlobalSection
EndGlobal
